
Microsoft Visual Studio Solution File, Format Version 12.00
# Visual Studio 15
VisualStudioVersion = 15.0.28307.102
MinimumVisualStudioVersion = 10.0.40219.1
Project("{FAE04EC0-301F-11D3-BF4B-00C04F79EFBC}") = "AzureFunctions", "AzureFunctions\AzureFunctions.csproj", "{0C896184-0104-4261-90B8-153C115E2700}"
EndProject
Global
	GlobalSection(SolutionConfigurationPlatforms) = preSolution
		Debug|Any CPU = Debug|Any CPU
		Release|Any CPU = Release|Any CPU
	EndGlobalSection
	GlobalSection(ProjectConfigurationPlatforms) = postSolution
		{0C896184-0104-4261-90B8-153C115E2700}.Debug|Any CPU.ActiveCfg = Debug|Any CPU
		{0C896184-0104-4261-90B8-153C115E2700}.Debug|Any CPU.Build.0 = Debug|Any CPU
		{0C896184-0104-4261-90B8-153C115E2700}.Release|Any CPU.ActiveCfg = Release|Any CPU
		{0C896184-0104-4261-90B8-153C115E2700}.Release|Any CPU.Build.0 = Release|Any CPU
	EndGlobalSection
	GlobalSection(SolutionProperties) = preSolution
		HideSolutionNode = FALSE
	EndGlobalSection
	GlobalSection(ExtensibilityGlobals) = postSolution
		SolutionGuid = {D014CE1E-4471-401F-88D6-59281EB40F2E}
	EndGlobalSection
EndGlobal
